
Microsoft Visual Studio Solution File, Format Version 12.00
# Visual Studio Version 17
VisualStudioVersion = 17.11.35303.130
MinimumVisualStudioVersion = 10.0.40219.1
Project("{FAE04EC0-301F-11D3-BF4B-00C04F79EFBC}") = "IFEO_Guard_UI", "IFEO_Guard_UI\IFEO_Guard_UI.csproj", "{586B61CC-E20D-414F-9722-C3F65B77D926}"
EndProject
Global
	GlobalSection(SolutionConfigurationPlatforms) = preSolution
		Debug|Any CPU = Debug|Any CPU
		Release|Any CPU = Release|Any CPU
	EndGlobalSection
	GlobalSection(ProjectConfigurationPlatforms) = postSolution
		{586B61CC-E20D-414F-9722-C3F65B77D926}.Debug|Any CPU.ActiveCfg = Debug|Any CPU
		{586B61CC-E20D-414F-9722-C3F65B77D926}.Debug|Any CPU.Build.0 = Debug|Any CPU
		{586B61CC-E20D-414F-9722-C3F65B77D926}.Release|Any CPU.ActiveCfg = Release|Any CPU
		{586B61CC-E20D-414F-9722-C3F65B77D926}.Release|Any CPU.Build.0 = Release|Any CPU
	EndGlobalSection
	GlobalSection(SolutionProperties) = preSolution
		HideSolutionNode = FALSE
	EndGlobalSection
	GlobalSection(ExtensibilityGlobals) = postSolution
		SolutionGuid = {35009CF8-FF88-4083-97B4-DCFD38035B33}
	EndGlobalSection
EndGlobal
